
Microsoft Visual Studio Solution File, Format Version 12.00
# Visual Studio Version 16
VisualStudioVersion = 16.0.32126.315
MinimumVisualStudioVersion = 10.0.40219.1
Project("{FAE04EC0-301F-11D3-BF4B-00C04F79EFBC}") = "DoanQuocCuong_2019605438_proj52", "DoanQuocCuong_2019605438_proj52\DoanQuocCuong_2019605438_proj52.csproj", "{A020E363-43A0-4AF0-B3E0-937C42AB05B0}"
EndProject
Project("{FAE04EC0-301F-11D3-BF4B-00C04F79EFBC}") = "Bai2", "Bai2\Bai2.csproj", "{B4A3340E-1E66-4D77-BE79-732C4C2EC47F}"
EndProject
Project("{FAE04EC0-301F-11D3-BF4B-00C04F79EFBC}") = "Bai3_UCLN", "Bai3_UCLN\Bai3_UCLN.csproj", "{B04FD156-1EF4-409D-ADE2-860BBAB21E5F}"
EndProject
Global
	GlobalSection(SolutionConfigurationPlatforms) = preSolution
		Debug|Any CPU = Debug|Any CPU
		Release|Any CPU = Release|Any CPU
	EndGlobalSection
	GlobalSection(ProjectConfigurationPlatforms) = postSolution
		{A020E363-43A0-4AF0-B3E0-937C42AB05B0}.Debug|Any CPU.ActiveCfg = Debug|Any CPU
		{A020E363-43A0-4AF0-B3E0-937C42AB05B0}.Debug|Any CPU.Build.0 = Debug|Any CPU
		{A020E363-43A0-4AF0-B3E0-937C42AB05B0}.Release|Any CPU.ActiveCfg = Release|Any CPU
		{A020E363-43A0-4AF0-B3E0-937C42AB05B0}.Release|Any CPU.Build.0 = Release|Any CPU
		{B4A3340E-1E66-4D77-BE79-732C4C2EC47F}.Debug|Any CPU.ActiveCfg = Debug|Any CPU
		{B4A3340E-1E66-4D77-BE79-732C4C2EC47F}.Debug|Any CPU.Build.0 = Debug|Any CPU
		{B4A3340E-1E66-4D77-BE79-732C4C2EC47F}.Release|Any CPU.ActiveCfg = Release|Any CPU
		{B4A3340E-1E66-4D77-BE79-732C4C2EC47F}.Release|Any CPU.Build.0 = Release|Any CPU
		{B04FD156-1EF4-409D-ADE2-860BBAB21E5F}.Debug|Any CPU.ActiveCfg = Debug|Any CPU
		{B04FD156-1EF4-409D-ADE2-860BBAB21E5F}.Debug|Any CPU.Build.0 = Debug|Any CPU
		{B04FD156-1EF4-409D-ADE2-860BBAB21E5F}.Release|Any CPU.ActiveCfg = Release|Any CPU
		{B04FD156-1EF4-409D-ADE2-860BBAB21E5F}.Release|Any CPU.Build.0 = Release|Any CPU
	EndGlobalSection
	GlobalSection(SolutionProperties) = preSolution
		HideSolutionNode = FALSE
	EndGlobalSection
	GlobalSection(ExtensibilityGlobals) = postSolution
		SolutionGuid = {AC2DA747-2DE4-41F5-9CD3-B7D7DFEF9634}
	EndGlobalSection
EndGlobal
